{
  "name": "web-monetization-receiver",
  "version": "0.0.1",
  "lockfileVersion": 1,
  "requires": true,
  "dependencies": {
    "@types/debug": {
      "version": "0.0.30",
      "resolved": "https://registry.npmjs.org/@types/debug/-/debug-0.0.30.tgz",
      "integrity": "sha512-orGL5LXERPYsLov6CWs3Fh6203+dXzJkR7OnddIr2514Hsecwc8xRpzCapshBbKFImCsvS/mk6+FWiN5LyZJAQ=="
    },
    "@types/events": {
      "version": "1.2.0",
      "resolved": "https://registry.npmjs.org/@types/events/-/events-1.2.0.tgz",
      "integrity": "sha512-KEIlhXnIutzKwRbQkGWb/I4HFqBuUykAdHgDED6xqwXJfONCjF5VoE0cXEiurh3XauygxzeDzgtXUqvLkxFzzA=="
    },
    "@types/node": {
      "version": "10.10.1",
      "resolved": "https://registry.npmjs.org/@types/node/-/node-10.10.1.tgz",
      "integrity": "sha512-nzsx28VwfaIykfzMAG9TB3jxF5Nn+1/WMKnmVZc8TsB+LMIVvwUscVn7PAq+LFaY5ng5u4jp5mRROSswo76PPA=="
    },
    "@types/ws": {
      "version": "6.0.1",
      "resolved": "https://registry.npmjs.org/@types/ws/-/ws-6.0.1.tgz",
      "integrity": "sha512-EzH8k1gyZ4xih/MaZTXwT2xOkPiIMSrhQ9b8wrlX88L0T02eYsddatQlwVFlEPyEqV0ChpdpNnE51QPH6NVT4Q==",
      "requires": {
        "@types/events": "*",
        "@types/node": "*"
      }
    },
    "async-limiter": {
      "version": "1.0.0",
      "resolved": "https://registry.npmjs.org/async-limiter/-/async-limiter-1.0.0.tgz",
      "integrity": "sha512-jp/uFnooOiO+L211eZOoSyzpOITMXx1rBITauYykG3BRYPu8h0UcxsPNB04RR5vo4Tyz3+ay17tR6JVf9qzYWg=="
    },
    "bignumber.js": {
      "version": "7.2.1",
      "resolved": "https://registry.npmjs.org/bignumber.js/-/bignumber.js-7.2.1.tgz",
      "integrity": "sha512-S4XzBk5sMB+Rcb/LNcpzXr57VRTxgAvaAEDAl1AwRx27j00hT84O6OkteE7u8UB3NuaaygCRrEpqox4uDOrbdQ=="
    },
    "btp-packet": {
      "version": "2.0.2",
      "resolved": "https://registry.npmjs.org/btp-packet/-/btp-packet-2.0.2.tgz",
      "integrity": "sha512-f0bugIL4DPRSEjd3aSa69p8tWTxXEz5/lH3j/gKwo4BNnmEV2E/uzpZ4rJI2FIKrg7/KyfY/NRdVTbWS865qAg==",
      "requires": {
        "bignumber.js": "^7.2.1",
        "dateformat": "^3.0.3",
        "oer-utils": "^3.0.1"
      }
    },
    "buffer-from": {
      "version": "1.1.1",
      "resolved": "https://registry.npmjs.org/buffer-from/-/buffer-from-1.1.1.tgz",
      "integrity": "sha512-MQcXEUbCKtEo7bhqEs6560Hyd4XaovZlO/k9V3hjVUF/zwW7KBVdSK4gIt/bzwS9MbR5qob+F5jusZsb0YQK2A=="
    },
    "dateformat": {
      "version": "3.0.3",
      "resolved": "https://registry.npmjs.org/dateformat/-/dateformat-3.0.3.tgz",
      "integrity": "sha512-jyCETtSl3VMZMWeRo7iY1FL19ges1t55hMo5yaam4Jrsm5EPL89UQkoQRyiI+Yf4k8r2ZpdngkV8hr1lIdjb3Q=="
    },
    "debug": {
      "version": "4.0.1",
      "resolved": "https://registry.npmjs.org/debug/-/debug-4.0.1.tgz",
      "integrity": "sha512-K23FHJ/Mt404FSlp6gSZCevIbTMLX0j3fmHhUEhQ3Wq0FMODW3+cUSoLdy1Gx4polAf4t/lphhmHH35BB8cLYw==",
      "requires": {
        "ms": "^2.1.1"
      }
    },
    "eventemitter2": {
      "version": "5.0.1",
      "resolved": "https://registry.npmjs.org/eventemitter2/-/eventemitter2-5.0.1.tgz",
      "integrity": "sha1-YZegldX7a1folC9v1+qtY6CclFI="
    },
    "extensible-error": {
      "version": "1.0.2",
      "resolved": "https://registry.npmjs.org/extensible-error/-/extensible-error-1.0.2.tgz",
      "integrity": "sha512-kXU1FiTsGT8PyMKtFM074RK/VBpzwuQJicAHqBpsPDeTXBQiSALPjkjKXlyKdG/GP6lR7bBaEkq8qdoO2geu9g=="
    },
    "has-flag": {
      "version": "3.0.0",
      "resolved": "https://registry.npmjs.org/has-flag/-/has-flag-3.0.0.tgz",
      "integrity": "sha1-tdRU3CGZriJWmfNGfloH87lVuv0="
    },
    "ilp-logger": {
      "version": "1.1.2",
      "resolved": "https://registry.npmjs.org/ilp-logger/-/ilp-logger-1.1.2.tgz",
      "integrity": "sha512-LTPA2cwtBGOSiHuspdESKRXQT8CCoGVIUQAeHlNKDz132qwtwwd7KPVWAbGkZer7EQaLW1Cwa9vGR61sSYINww==",
      "requires": {
        "@types/debug": "^0.0.30",
        "debug": "^4.0.0",
        "source-map-support": "^0.5.9",
        "supports-color": "^5.5.0"
      }
    },
    "ilp-packet": {
      "version": "3.0.0",
      "resolved": "https://registry.npmjs.org/ilp-packet/-/ilp-packet-3.0.0.tgz",
      "integrity": "sha512-mqB39/fN7wvMWD88bky0MBtb98q826bArUokf1T0+B/gkg65Z6fcgCTMACenebO0ExtjxPIln38VmhlqWUE7Tg==",
      "requires": {
        "bignumber.js": "^7.2.1",
        "extensible-error": "^1.0.2",
        "long": "^4.0.0",
        "oer-utils": "^3.0.1"
      }
    },
    "ilp-plugin": {
      "version": "3.2.1",
      "resolved": "https://registry.npmjs.org/ilp-plugin/-/ilp-plugin-3.2.1.tgz",
      "integrity": "sha512-6ZvzbbNrI+Pc3arJnCWPRuV2hVJV4xMd9sp6V9hDhhght3DkWpkhbTA/1ggHtA4nr/9ZHp7b4LsfHw4fFgQBbQ==",
      "requires": {
        "ilp-logger": "^1.0.2",
        "ilp-plugin-btp": "^1.2.1"
      }
    },
    "ilp-plugin-btp": {
      "version": "1.3.2",
      "resolved": "https://registry.npmjs.org/ilp-plugin-btp/-/ilp-plugin-btp-1.3.2.tgz",
      "integrity": "sha512-EkEeGAghQ1hZt4VFlvtbP3mR/FgbgJ1/WbwaPdvXMyxQCEhU8lObi/r/X0Ksspnw+u0nK0I7Kl6PgXhEVfMp5w==",
      "requires": {
        "@types/debug": "0.0.30",
        "@types/node": "^10.7.1",
        "@types/ws": "^6.0.0",
        "btp-packet": "^2.0.2",
        "debug": "^3.1.0",
        "eventemitter2": "^5.0.0",
        "ilp-logger": "^1.0.2",
        "ws": "^6.0.0"
      },
      "dependencies": {
        "debug": {
          "version": "3.2.5",
          "resolved": "https://registry.npmjs.org/debug/-/debug-3.2.5.tgz",
          "integrity": "sha512-D61LaDQPQkxJ5AUM2mbSJRbPkNs/TmdmOeLAi1hgDkpDfIfetSrjmWhccwtuResSwMbACjx/xXQofvM9CE/aeg==",
          "requires": {
            "ms": "^2.1.1"
          }
        }
      }
    },
    "ilp-protocol-ildcp": {
      "version": "2.0.0",
      "resolved": "https://registry.npmjs.org/ilp-protocol-ildcp/-/ilp-protocol-ildcp-2.0.0.tgz",
      "integrity": "sha512-ThJeAQpvoPGXby8RvFGFsLQrl0IwTOwNADNGmZxpXPcqHBQ54zL+lFlUePWnyISt4vnJGA6ccIPssElgGk/0Fw==",
      "requires": {
        "debug": "^3.1.0",
        "ilp-packet": "^3.0.0",
        "oer-utils": "^3.0.1"
      },
      "dependencies": {
        "debug": {
          "version": "3.2.5",
          "resolved": "https://registry.npmjs.org/debug/-/debug-3.2.5.tgz",
          "integrity": "sha512-D61LaDQPQkxJ5AUM2mbSJRbPkNs/TmdmOeLAi1hgDkpDfIfetSrjmWhccwtuResSwMbACjx/xXQofvM9CE/aeg==",
          "requires": {
            "ms": "^2.1.1"
          }
        }
      }
    },
    "ilp-protocol-stream": {
      "version": "1.8.1",
      "resolved": "https://registry.npmjs.org/ilp-protocol-stream/-/ilp-protocol-stream-1.8.1.tgz",
      "integrity": "sha512-+wnEcFTlSS2vYk8G6TqKwDYJ9GaGyL0WhK3nGskIi5Q7Z92EqRovhGSCg32pHchG/z8zKGCxgKlqosLmvyTs/w==",
      "requires": {
        "@types/node": "^10.7.1",
        "bignumber.js": "^7.2.1",
        "debug": "^4.0.0",
        "ilp-logger": "^1.0.2",
        "ilp-packet": "^3.0.0",
        "ilp-protocol-ildcp": "^2.0.0",
        "oer-utils": "^3.0.1",
        "source-map-support": "^0.5.6"
      }
    },
    "long": {
      "version": "4.0.0",
      "resolved": "https://registry.npmjs.org/long/-/long-4.0.0.tgz",
      "integrity": "sha512-XsP+KhQif4bjX1kbuSiySJFNAehNxgLb6hPRGJ9QsUr8ajHkuXGdrHmFUTUUXhDwVX2R5bY4JNZEwbUiMhV+MA=="
    },
    "ms": {
      "version": "2.1.1",
      "resolved": "https://registry.npmjs.org/ms/-/ms-2.1.1.tgz",
      "integrity": "sha512-tgp+dl5cGk28utYktBsrFqA7HKgrhgPsg6Z/EfhWI4gl1Hwq8B/GmY/0oXZ6nF8hDVesS/FpnYaD/kOWhYQvyg=="
    },
    "oer-utils": {
      "version": "3.0.1",
      "resolved": "https://registry.npmjs.org/oer-utils/-/oer-utils-3.0.1.tgz",
      "integrity": "sha512-cyVlY/pP3zhfb9cpv/lcMlVejaVSLJo4Y5ExP39dEcTYP8JwCReWbglOhFNnxLJT3PFQi+6IHHfOWuDmjW9LyA==",
      "requires": {
        "bignumber.js": "^7.2.1"
      }
    },
    "source-map": {
      "version": "0.6.1",
      "resolved": "https://registry.npmjs.org/source-map/-/source-map-0.6.1.tgz",
      "integrity": "sha512-UjgapumWlbMhkBgzT7Ykc5YXUT46F0iKu8SGXq0bcwP5dz/h0Plj6enJqjz1Zbq2l5WaqYnrVbwWOWMyF3F47g=="
    },
    "source-map-support": {
      "version": "0.5.9",
      "resolved": "https://registry.npmjs.org/source-map-support/-/source-map-support-0.5.9.tgz",
      "integrity": "sha512-gR6Rw4MvUlYy83vP0vxoVNzM6t8MUXqNuRsuBmBHQDu1Fh6X015FrLdgoDKcNdkwGubozq0P4N0Q37UyFVr1EA==",
      "requires": {
        "buffer-from": "^1.0.0",
        "source-map": "^0.6.0"
      }
    },
    "supports-color": {
      "version": "5.5.0",
      "resolved": "https://registry.npmjs.org/supports-color/-/supports-color-5.5.0.tgz",
      "integrity": "sha512-QjVjwdXIt408MIiAqCX4oUKsgU2EqAGzs2Ppkm4aQYbjm+ZEWEcW4SfFNTr4uMNZma0ey4f5lgLrkB0aX0QMow==",
      "requires": {
        "has-flag": "^3.0.0"
      }
    },
    "ws": {
      "version": "6.0.0",
      "resolved": "https://registry.npmjs.org/ws/-/ws-6.0.0.tgz",
      "integrity": "sha512-c2UlYcAZp1VS8AORtpq6y4RJIkJ9dQz18W32SpR/qXGfLDZ2jU4y4wKvvZwqbi7U6gxFQTeE+urMbXU/tsDy4w==",
      "requires": {
        "async-limiter": "~1.0.0"
      }
    }
  }
}
